
Microsoft Visual Studio Solution File, Format Version 12.00
# Visual Studio 15
VisualStudioVersion = 15.0.28307.421
MinimumVisualStudioVersion = 10.0.40219.1
Project("{FAE04EC0-301F-11D3-BF4B-00C04F79EFBC}") = "XamarinFuentes.Android", "XamarinFuentes\XamarinFuentes.Android\XamarinFuentes.Android.csproj", "{0940223F-1578-48F2-91D2-02F8AF83B14B}"
EndProject
Project("{FAE04EC0-301F-11D3-BF4B-00C04F79EFBC}") = "XamarinFuentes.iOS", "XamarinFuentes\XamarinFuentes.iOS\XamarinFuentes.iOS.csproj", "{F25864E9-239D-4034-962E-255B5F5F50CE}"
EndProject
Project("{FAE04EC0-301F-11D3-BF4B-00C04F79EFBC}") = "XamarinFuentes", "XamarinFuentes\XamarinFuentes\XamarinFuentes.csproj", "{90F950C5-BE9E-48B9-8F09-ABB28FE921B9}"
EndProject
Global
	GlobalSection(SolutionConfigurationPlatforms) = preSolution
		Ad-Hoc|Any CPU = Ad-Hoc|Any CPU
		Ad-Hoc|iPhone = Ad-Hoc|iPhone
		Ad-Hoc|iPhoneSimulator = Ad-Hoc|iPhoneSimulator
		AppStore|Any CPU = AppStore|Any CPU
		AppStore|iPhone = AppStore|iPhone
		AppStore|iPhoneSimulator = AppStore|iPhoneSimulator
		Debug|Any CPU = Debug|Any CPU
		Debug|iPhone = Debug|iPhone
		Debug|iPhoneSimulator = Debug|iPhoneSimulator
		Release|Any CPU = Release|Any CPU
		Release|iPhone = Release|iPhone
		Release|iPhoneSimulator = Release|iPhoneSimulator
	EndGlobalSection
	GlobalSection(ProjectConfigurationPlatforms) = postSolution
		{0940223F-1578-48F2-91D2-02F8AF83B14B}.Ad-Hoc|Any CPU.ActiveCfg = Release|Any CPU
		{0940223F-1578-48F2-91D2-02F8AF83B14B}.Ad-Hoc|Any CPU.Build.0 = Release|Any CPU
		{0940223F-1578-48F2-91D2-02F8AF83B14B}.Ad-Hoc|Any CPU.Deploy.0 = Release|Any CPU
		{0940223F-1578-48F2-91D2-02F8AF83B14B}.Ad-Hoc|iPhone.ActiveCfg = Release|Any CPU
		{0940223F-1578-48F2-91D2-02F8AF83B14B}.Ad-Hoc|iPhone.Build.0 = Release|Any CPU
		{0940223F-1578-48F2-91D2-02F8AF83B14B}.Ad-Hoc|iPhone.Deploy.0 = Release|Any CPU
		{0940223F-1578-48F2-91D2-02F8AF83B14B}.Ad-Hoc|iPhoneSimulator.ActiveCfg = Release|Any CPU
		{0940223F-1578-48F2-91D2-02F8AF83B14B}.Ad-Hoc|iPhoneSimulator.Build.0 = Release|Any CPU
		{0940223F-1578-48F2-91D2-02F8AF83B14B}.Ad-Hoc|iPhoneSimulator.Deploy.0 = Release|Any CPU
		{0940223F-1578-48F2-91D2-02F8AF83B14B}.AppStore|Any CPU.ActiveCfg = Release|Any CPU
		{0940223F-1578-48F2-91D2-02F8AF83B14B}.AppStore|Any CPU.Build.0 = Release|Any CPU
		{0940223F-1578-48F2-91D2-02F8AF83B14B}.AppStore|Any CPU.Deploy.0 = Release|Any CPU
		{0940223F-1578-48F2-91D2-02F8AF83B14B}.AppStore|iPhone.ActiveCfg = Release|Any CPU
		{0940223F-1578-48F2-91D2-02F8AF83B14B}.AppStore|iPhone.Build.0 = Release|Any CPU
		{0940223F-1578-48F2-91D2-02F8AF83B14B}.AppStore|iPhone.Deploy.0 = Release|Any CPU
		{0940223F-1578-48F2-91D2-02F8AF83B14B}.AppStore|iPhoneSimulator.ActiveCfg = Release|Any CPU
		{0940223F-1578-48F2-91D2-02F8AF83B14B}.AppStore|iPhoneSimulator.Build.0 = Release|Any CPU
		{0940223F-1578-48F2-91D2-02F8AF83B14B}.AppStore|iPhoneSimulator.Deploy.0 = Release|Any CPU
		{0940223F-1578-48F2-91D2-02F8AF83B14B}.Debug|Any CPU.ActiveCfg = Debug|Any CPU
		{0940223F-1578-48F2-91D2-02F8AF83B14B}.Debug|Any CPU.Build.0 = Debug|Any CPU
		{0940223F-1578-48F2-91D2-02F8AF83B14B}.Debug|Any CPU.Deploy.0 = Debug|Any CPU
		{0940223F-1578-48F2-91D2-02F8AF83B14B}.Debug|iPhone.ActiveCfg = Debug|Any CPU
		{0940223F-1578-48F2-91D2-02F8AF83B14B}.Debug|iPhone.Build.0 = Debug|Any CPU
		{0940223F-1578-48F2-91D2-02F8AF83B14B}.Debug|iPhone.Deploy.0 = Debug|Any CPU
		{0940223F-1578-48F2-91D2-02F8AF83B14B}.Debug|iPhoneSimulator.ActiveCfg = Debug|Any CPU
		{0940223F-1578-48F2-91D2-02F8AF83B14B}.Debug|iPhoneSimulator.Build.0 = Debug|Any CPU
		{0940223F-1578-48F2-91D2-02F8AF83B14B}.Debug|iPhoneSimulator.Deploy.0 = Debug|Any CPU
		{0940223F-1578-48F2-91D2-02F8AF83B14B}.Release|Any CPU.ActiveCfg = Release|Any CPU
		{0940223F-1578-48F2-91D2-02F8AF83B14B}.Release|Any CPU.Build.0 = Release|Any CPU
		{0940223F-1578-48F2-91D2-02F8AF83B14B}.Release|Any CPU.Deploy.0 = Release|Any CPU
		{0940223F-1578-48F2-91D2-02F8AF83B14B}.Release|iPhone.ActiveCfg = Release|Any CPU
		{0940223F-1578-48F2-91D2-02F8AF83B14B}.Release|iPhone.Build.0 = Release|Any CPU
		{0940223F-1578-48F2-91D2-02F8AF83B14B}.Release|iPhone.Deploy.0 = Release|Any CPU
		{0940223F-1578-48F2-91D2-02F8AF83B14B}.Release|iPhoneSimulator.ActiveCfg = Release|Any CPU
		{0940223F-1578-48F2-91D2-02F8AF83B14B}.Release|iPhoneSimulator.Build.0 = Release|Any CPU
		{0940223F-1578-48F2-91D2-02F8AF83B14B}.Release|iPhoneSimulator.Deploy.0 = Release|Any CPU
		{F25864E9-239D-4034-962E-255B5F5F50CE}.Ad-Hoc|Any CPU.ActiveCfg = Ad-Hoc|iPhone
		{F25864E9-239D-4034-962E-255B5F5F50CE}.Ad-Hoc|Any CPU.Build.0 = Ad-Hoc|iPhone
		{F25864E9-239D-4034-962E-255B5F5F50CE}.Ad-Hoc|Any CPU.Deploy.0 = Ad-Hoc|iPhone
		{F25864E9-239D-4034-962E-255B5F5F50CE}.Ad-Hoc|iPhone.ActiveCfg = Ad-Hoc|iPhone
		{F25864E9-239D-4034-962E-255B5F5F50CE}.Ad-Hoc|iPhone.Build.0 = Ad-Hoc|iPhone
		{F25864E9-239D-4034-962E-255B5F5F50CE}.Ad-Hoc|iPhone.Deploy.0 = Ad-Hoc|iPhone
		{F25864E9-239D-4034-962E-255B5F5F50CE}.Ad-Hoc|iPhoneSimulator.ActiveCfg = Ad-Hoc|iPhoneSimulator
		{F25864E9-239D-4034-962E-255B5F5F50CE}.Ad-Hoc|iPhoneSimulator.Build.0 = Ad-Hoc|iPhoneSimulator
		{F25864E9-239D-4034-962E-255B5F5F50CE}.Ad-Hoc|iPhoneSimulator.Deploy.0 = Ad-Hoc|iPhoneSimulator
		{F25864E9-239D-4034-962E-255B5F5F50CE}.AppStore|Any CPU.ActiveCfg = AppStore|iPhone
		{F25864E9-239D-4034-962E-255B5F5F50CE}.AppStore|Any CPU.Build.0 = AppStore|iPhone
		{F25864E9-239D-4034-962E-255B5F5F50CE}.AppStore|Any CPU.Deploy.0 = AppStore|iPhone
		{F25864E9-239D-4034-962E-255B5F5F50CE}.AppStore|iPhone.ActiveCfg = AppStore|iPhone
		{F25864E9-239D-4034-962E-255B5F5F50CE}.AppStore|iPhone.Build.0 = AppStore|iPhone
		{F25864E9-239D-4034-962E-255B5F5F50CE}.AppStore|iPhone.Deploy.0 = AppStore|iPhone
		{F25864E9-239D-4034-962E-255B5F5F50CE}.AppStore|iPhoneSimulator.ActiveCfg = AppStore|iPhoneSimulator
		{F25864E9-239D-4034-962E-255B5F5F50CE}.AppStore|iPhoneSimulator.Build.0 = AppStore|iPhoneSimulator
		{F25864E9-239D-4034-962E-255B5F5F50CE}.AppStore|iPhoneSimulator.Deploy.0 = AppStore|iPhoneSimulator
		{F25864E9-239D-4034-962E-255B5F5F50CE}.Debug|Any CPU.ActiveCfg = Debug|iPhoneSimulator
		{F25864E9-239D-4034-962E-255B5F5F50CE}.Debug|Any CPU.Build.0 = Debug|iPhoneSimulator
		{F25864E9-239D-4034-962E-255B5F5F50CE}.Debug|Any CPU.Deploy.0 = Debug|iPhoneSimulator
		{F25864E9-239D-4034-962E-255B5F5F50CE}.Debug|iPhone.ActiveCfg = Debug|iPhone
		{F25864E9-239D-4034-962E-255B5F5F50CE}.Debug|iPhone.Build.0 = Debug|iPhone
		{F25864E9-239D-4034-962E-255B5F5F50CE}.Debug|iPhone.Deploy.0 = Debug|iPhone
		{F25864E9-239D-4034-962E-255B5F5F50CE}.Debug|iPhoneSimulator.ActiveCfg = Debug|iPhoneSimulator
		{F25864E9-239D-4034-962E-255B5F5F50CE}.Debug|iPhoneSimulator.Build.0 = Debug|iPhoneSimulator
		{F25864E9-239D-4034-962E-255B5F5F50CE}.Debug|iPhoneSimulator.Deploy.0 = Debug|iPhoneSimulator
		{F25864E9-239D-4034-962E-255B5F5F50CE}.Release|Any CPU.ActiveCfg = Release|iPhone
		{F25864E9-239D-4034-962E-255B5F5F50CE}.Release|Any CPU.Build.0 = Release|iPhone
		{F25864E9-239D-4034-962E-255B5F5F50CE}.Release|Any CPU.Deploy.0 = Release|iPhone
		{F25864E9-239D-4034-962E-255B5F5F50CE}.Release|iPhone.ActiveCfg = Release|iPhone
		{F25864E9-239D-4034-962E-255B5F5F50CE}.Release|iPhone.Build.0 = Release|iPhone
		{F25864E9-239D-4034-962E-255B5F5F50CE}.Release|iPhone.Deploy.0 = Release|iPhone
		{F25864E9-239D-4034-962E-255B5F5F50CE}.Release|iPhoneSimulator.ActiveCfg = Release|iPhoneSimulator
		{F25864E9-239D-4034-962E-255B5F5F50CE}.Release|iPhoneSimulator.Build.0 = Release|iPhoneSimulator
		{F25864E9-239D-4034-962E-255B5F5F50CE}.Release|iPhoneSimulator.Deploy.0 = Release|iPhoneSimulator
		{90F950C5-BE9E-48B9-8F09-ABB28FE921B9}.Ad-Hoc|Any CPU.ActiveCfg = Debug|Any CPU
		{90F950C5-BE9E-48B9-8F09-ABB28FE921B9}.Ad-Hoc|Any CPU.Build.0 = Debug|Any CPU
		{90F950C5-BE9E-48B9-8F09-ABB28FE921B9}.Ad-Hoc|Any CPU.Deploy.0 = Debug|Any CPU
		{90F950C5-BE9E-48B9-8F09-ABB28FE921B9}.Ad-Hoc|iPhone.ActiveCfg = Debug|Any CPU
		{90F950C5-BE9E-48B9-8F09-ABB28FE921B9}.Ad-Hoc|iPhone.Build.0 = Debug|Any CPU
		{90F950C5-BE9E-48B9-8F09-ABB28FE921B9}.Ad-Hoc|iPhone.Deploy.0 = Debug|Any CPU
		{90F950C5-BE9E-48B9-8F09-ABB28FE921B9}.Ad-Hoc|iPhoneSimulator.ActiveCfg = Debug|Any CPU
		{90F950C5-BE9E-48B9-8F09-ABB28FE921B9}.Ad-Hoc|iPhoneSimulator.Build.0 = Debug|Any CPU
		{90F950C5-BE9E-48B9-8F09-ABB28FE921B9}.Ad-Hoc|iPhoneSimulator.Deploy.0 = Debug|Any CPU
		{90F950C5-BE9E-48B9-8F09-ABB28FE921B9}.AppStore|Any CPU.ActiveCfg = Debug|Any CPU
		{90F950C5-BE9E-48B9-8F09-ABB28FE921B9}.AppStore|Any CPU.Build.0 = Debug|Any CPU
		{90F950C5-BE9E-48B9-8F09-ABB28FE921B9}.AppStore|Any CPU.Deploy.0 = Debug|Any CPU
		{90F950C5-BE9E-48B9-8F09-ABB28FE921B9}.AppStore|iPhone.ActiveCfg = Debug|Any CPU
		{90F950C5-BE9E-48B9-8F09-ABB28FE921B9}.AppStore|iPhone.Build.0 = Debug|Any CPU
		{90F950C5-BE9E-48B9-8F09-ABB28FE921B9}.AppStore|iPhone.Deploy.0 = Debug|Any CPU
		{90F950C5-BE9E-48B9-8F09-ABB28FE921B9}.AppStore|iPhoneSimulator.ActiveCfg = Debug|Any CPU
		{90F950C5-BE9E-48B9-8F09-ABB28FE921B9}.AppStore|iPhoneSimulator.Build.0 = Debug|Any CPU
		{90F950C5-BE9E-48B9-8F09-ABB28FE921B9}.AppStore|iPhoneSimulator.Deploy.0 = Debug|Any CPU
		{90F950C5-BE9E-48B9-8F09-ABB28FE921B9}.Debug|Any CPU.ActiveCfg = Debug|Any CPU
		{90F950C5-BE9E-48B9-8F09-ABB28FE921B9}.Debug|Any CPU.Build.0 = Debug|Any CPU
		{90F950C5-BE9E-48B9-8F09-ABB28FE921B9}.Debug|Any CPU.Deploy.0 = Debug|Any CPU
		{90F950C5-BE9E-48B9-8F09-ABB28FE921B9}.Debug|iPhone.ActiveCfg = Debug|Any CPU
		{90F950C5-BE9E-48B9-8F09-ABB28FE921B9}.Debug|iPhone.Build.0 = Debug|Any CPU
		{90F950C5-BE9E-48B9-8F09-ABB28FE921B9}.Debug|iPhone.Deploy.0 = Debug|Any CPU
		{90F950C5-BE9E-48B9-8F09-ABB28FE921B9}.Debug|iPhoneSimulator.ActiveCfg = Debug|Any CPU
		{90F950C5-BE9E-48B9-8F09-ABB28FE921B9}.Debug|iPhoneSimulator.Build.0 = Debug|Any CPU
		{90F950C5-BE9E-48B9-8F09-ABB28FE921B9}.Debug|iPhoneSimulator.Deploy.0 = Debug|Any CPU
		{90F950C5-BE9E-48B9-8F09-ABB28FE921B9}.Release|Any CPU.ActiveCfg = Release|Any CPU
		{90F950C5-BE9E-48B9-8F09-ABB28FE921B9}.Release|Any CPU.Build.0 = Release|Any CPU
		{90F950C5-BE9E-48B9-8F09-ABB28FE921B9}.Release|Any CPU.Deploy.0 = Release|Any CPU
		{90F950C5-BE9E-48B9-8F09-ABB28FE921B9}.Release|iPhone.ActiveCfg = Release|Any CPU
		{90F950C5-BE9E-48B9-8F09-ABB28FE921B9}.Release|iPhone.Build.0 = Release|Any CPU
		{90F950C5-BE9E-48B9-8F09-ABB28FE921B9}.Release|iPhone.Deploy.0 = Release|Any CPU
		{90F950C5-BE9E-48B9-8F09-ABB28FE921B9}.Release|iPhoneSimulator.ActiveCfg = Release|Any CPU
		{90F950C5-BE9E-48B9-8F09-ABB28FE921B9}.Release|iPhoneSimulator.Build.0 = Release|Any CPU
		{90F950C5-BE9E-48B9-8F09-ABB28FE921B9}.Release|iPhoneSimulator.Deploy.0 = Release|Any CPU
	EndGlobalSection
	GlobalSection(SolutionProperties) = preSolution
		HideSolutionNode = FALSE
	EndGlobalSection
	GlobalSection(ExtensibilityGlobals) = postSolution
		SolutionGuid = {FD9DD29D-BCF6-4F27-B406-4B2504FA5AE0}
	EndGlobalSection
EndGlobal
